# generated by rye
# use `rye lock` or `rye sync` to update this lockfile
#
# last locked with the following flags:
#   pre: false
#   features: []
#   all-features: false
#   with-sources: false
#   generate-hashes: false

-e file:.
fishhoof==0.0.3
    # via ourchester
humanize==4.9.0
    # via fishhoof
    # via ourchester
ivylantern==0.2.3
    # via ourchester
jinja2==3.1.4
    # via fishhoof
    # via ourchester
markupsafe==2.1.5
    # via jinja2
platformdirs==4.2.2
    # via ourchester
pytimeparse==1.1.8
    # via fishhoof
whoosh==2.7.4
    # via ourchester
